{
  "requires": true,
  "lockfileVersion": 1,
  "dependencies": {
    "vue": {
      "version": "2.6.11",
      "resolved": "https://registry.npmjs.org/vue/-/vue-2.6.11.tgz",
      "integrity": "sha512-VfPwgcGABbGAue9+sfrD4PuwFar7gPb1yl1UK1MwXoQPAw0BKSqWfoYCT/ThFrdEVWoI51dBuyCoiNU9bZDZxQ=="
    },
    "vue2-daterange-picker": {
      "version": "0.6.1",
      "resolved": "https://registry.npmjs.org/vue2-daterange-picker/-/vue2-daterange-picker-0.6.1.tgz",
      "integrity": "sha512-UrPfu5SQXc5T4ka1aTN9RiVGXQN2T93IoFrrcJ+/ncPPeaTNx8JRRhK78Au7/Gx1NleKU+CugiyQxlvnp+OA1g==",
      "requires": {
        "vue": "^2.6.10"
      }
    }
  }
}
